
Microsoft Visual Studio Solution File, Format Version 12.00
# Visual Studio Version 17
VisualStudioVersion = 17.10.35122.118
MinimumVisualStudioVersion = 10.0.40219.1
Project("{FAE04EC0-301F-11D3-BF4B-00C04F79EFBC}") = "introduceReflection", "introduceReflection\introduceReflection.csproj", "{2E2CFAA7-C498-4384-AC73-A03DBC3ABBF9}"
EndProject
Global
	GlobalSection(SolutionConfigurationPlatforms) = preSolution
		Debug|Any CPU = Debug|Any CPU
		Release|Any CPU = Release|Any CPU
	EndGlobalSection
	GlobalSection(ProjectConfigurationPlatforms) = postSolution
		{2E2CFAA7-C498-4384-AC73-A03DBC3ABBF9}.Debug|Any CPU.ActiveCfg = Debug|Any CPU
		{2E2CFAA7-C498-4384-AC73-A03DBC3ABBF9}.Debug|Any CPU.Build.0 = Debug|Any CPU
		{2E2CFAA7-C498-4384-AC73-A03DBC3ABBF9}.Release|Any CPU.ActiveCfg = Release|Any CPU
		{2E2CFAA7-C498-4384-AC73-A03DBC3ABBF9}.Release|Any CPU.Build.0 = Release|Any CPU
	EndGlobalSection
	GlobalSection(SolutionProperties) = preSolution
		HideSolutionNode = FALSE
	EndGlobalSection
	GlobalSection(ExtensibilityGlobals) = postSolution
		SolutionGuid = {E9A69A81-C2D1-416F-BA10-7445F51F1C63}
	EndGlobalSection
EndGlobal
