
Microsoft Visual Studio Solution File, Format Version 12.00
# Visual Studio Version 17
VisualStudioVersion = 17.10.35122.118
MinimumVisualStudioVersion = 10.0.40219.1
Project("{FAE04EC0-301F-11D3-BF4B-00C04F79EFBC}") = "FormBagOnWindows", "FormBagOnWindows\FormBagOnWindows.csproj", "{8DC38C70-FDC6-4C84-984A-D6563CE2CE09}"
EndProject
Global
	GlobalSection(SolutionConfigurationPlatforms) = preSolution
		Debug|Any CPU = Debug|Any CPU
		Release|Any CPU = Release|Any CPU
	EndGlobalSection
	GlobalSection(ProjectConfigurationPlatforms) = postSolution
		{8DC38C70-FDC6-4C84-984A-D6563CE2CE09}.Debug|Any CPU.ActiveCfg = Debug|Any CPU
		{8DC38C70-FDC6-4C84-984A-D6563CE2CE09}.Debug|Any CPU.Build.0 = Debug|Any CPU
		{8DC38C70-FDC6-4C84-984A-D6563CE2CE09}.Release|Any CPU.ActiveCfg = Release|Any CPU
		{8DC38C70-FDC6-4C84-984A-D6563CE2CE09}.Release|Any CPU.Build.0 = Release|Any CPU
	EndGlobalSection
	GlobalSection(SolutionProperties) = preSolution
		HideSolutionNode = FALSE
	EndGlobalSection
	GlobalSection(ExtensibilityGlobals) = postSolution
		SolutionGuid = {B1037A21-9562-414A-9D0B-B68185B89359}
	EndGlobalSection
EndGlobal
