
Microsoft Visual Studio Solution File, Format Version 12.00
# Visual Studio Version 17
VisualStudioVersion = 17.10.35122.118
MinimumVisualStudioVersion = 10.0.40219.1
Project("{FAE04EC0-301F-11D3-BF4B-00C04F79EFBC}") = "Project.Core", "Project.Core\Project.Core.csproj", "{1B4E1C9F-D61A-49EA-B72B-9A911D220C81}"
EndProject
Project("{FAE04EC0-301F-11D3-BF4B-00C04F79EFBC}") = "Project.Entities", "Project.Entities\Project.Entities.csproj", "{F2B760E9-D1B2-4B42-AE4E-300509BB19F6}"
EndProject
Project("{FAE04EC0-301F-11D3-BF4B-00C04F79EFBC}") = "Project.Console", "Project.Console\Project.Console.csproj", "{0811BFA3-DE13-4A47-A76D-AEA295832C13}"
EndProject
Global
	GlobalSection(SolutionConfigurationPlatforms) = preSolution
		Debug|Any CPU = Debug|Any CPU
		Release|Any CPU = Release|Any CPU
	EndGlobalSection
	GlobalSection(ProjectConfigurationPlatforms) = postSolution
		{1B4E1C9F-D61A-49EA-B72B-9A911D220C81}.Debug|Any CPU.ActiveCfg = Debug|Any CPU
		{1B4E1C9F-D61A-49EA-B72B-9A911D220C81}.Debug|Any CPU.Build.0 = Debug|Any CPU
		{1B4E1C9F-D61A-49EA-B72B-9A911D220C81}.Release|Any CPU.ActiveCfg = Release|Any CPU
		{1B4E1C9F-D61A-49EA-B72B-9A911D220C81}.Release|Any CPU.Build.0 = Release|Any CPU
		{F2B760E9-D1B2-4B42-AE4E-300509BB19F6}.Debug|Any CPU.ActiveCfg = Debug|Any CPU
		{F2B760E9-D1B2-4B42-AE4E-300509BB19F6}.Debug|Any CPU.Build.0 = Debug|Any CPU
		{F2B760E9-D1B2-4B42-AE4E-300509BB19F6}.Release|Any CPU.ActiveCfg = Release|Any CPU
		{F2B760E9-D1B2-4B42-AE4E-300509BB19F6}.Release|Any CPU.Build.0 = Release|Any CPU
		{0811BFA3-DE13-4A47-A76D-AEA295832C13}.Debug|Any CPU.ActiveCfg = Debug|Any CPU
		{0811BFA3-DE13-4A47-A76D-AEA295832C13}.Debug|Any CPU.Build.0 = Debug|Any CPU
		{0811BFA3-DE13-4A47-A76D-AEA295832C13}.Release|Any CPU.ActiveCfg = Release|Any CPU
		{0811BFA3-DE13-4A47-A76D-AEA295832C13}.Release|Any CPU.Build.0 = Release|Any CPU
	EndGlobalSection
	GlobalSection(SolutionProperties) = preSolution
		HideSolutionNode = FALSE
	EndGlobalSection
	GlobalSection(ExtensibilityGlobals) = postSolution
		SolutionGuid = {B2A58273-99B2-4C74-B5BD-23A05CFB0255}
	EndGlobalSection
EndGlobal
